
Microsoft Visual Studio Solution File, Format Version 12.00
# Visual Studio Version 16
VisualStudioVersion = 16.0.30413.136
MinimumVisualStudioVersion = 10.0.40219.1
Project("{FAE04EC0-301F-11D3-BF4B-00C04F79EFBC}") = "PizzaToppingsAttept2", "PizzaToppingsAttept2\PizzaToppingsAttept2.csproj", "{DD3463BD-E063-4878-B9BC-2C16BB0F1165}"
EndProject
Global
	GlobalSection(SolutionConfigurationPlatforms) = preSolution
		Debug|Any CPU = Debug|Any CPU
		Release|Any CPU = Release|Any CPU
	EndGlobalSection
	GlobalSection(ProjectConfigurationPlatforms) = postSolution
		{DD3463BD-E063-4878-B9BC-2C16BB0F1165}.Debug|Any CPU.ActiveCfg = Debug|Any CPU
		{DD3463BD-E063-4878-B9BC-2C16BB0F1165}.Debug|Any CPU.Build.0 = Debug|Any CPU
		{DD3463BD-E063-4878-B9BC-2C16BB0F1165}.Release|Any CPU.ActiveCfg = Release|Any CPU
		{DD3463BD-E063-4878-B9BC-2C16BB0F1165}.Release|Any CPU.Build.0 = Release|Any CPU
	EndGlobalSection
	GlobalSection(SolutionProperties) = preSolution
		HideSolutionNode = FALSE
	EndGlobalSection
	GlobalSection(ExtensibilityGlobals) = postSolution
		SolutionGuid = {48AF1244-D20E-4AB5-B4F9-CDAAEA650948}
	EndGlobalSection
EndGlobal
